
Microsoft Visual Studio Solution File, Format Version 12.00
Project("{FAE04EC0-301F-11D3-BF4B-00C04F79EFBC}") = "PublicApi", "PublicApi\PublicApi.csproj", "{DC383829-911C-4F29-8805-733C231CD8A8}"
EndProject
Project("{FAE04EC0-301F-11D3-BF4B-00C04F79EFBC}") = "PublicApi.Tests", "PublicApi.Tests\PublicApi.Tests.csproj", "{B779863D-E541-495A-BC4B-3EF719FFD468}"
EndProject
Global
	GlobalSection(SolutionConfigurationPlatforms) = preSolution
		Debug|Any CPU = Debug|Any CPU
		Release|Any CPU = Release|Any CPU
	EndGlobalSection
	GlobalSection(ProjectConfigurationPlatforms) = postSolution
		{DC383829-911C-4F29-8805-733C231CD8A8}.Debug|Any CPU.ActiveCfg = Debug|Any CPU
		{DC383829-911C-4F29-8805-733C231CD8A8}.Debug|Any CPU.Build.0 = Debug|Any CPU
		{DC383829-911C-4F29-8805-733C231CD8A8}.Release|Any CPU.ActiveCfg = Release|Any CPU
		{DC383829-911C-4F29-8805-733C231CD8A8}.Release|Any CPU.Build.0 = Release|Any CPU
		{B779863D-E541-495A-BC4B-3EF719FFD468}.Debug|Any CPU.ActiveCfg = Debug|Any CPU
		{B779863D-E541-495A-BC4B-3EF719FFD468}.Debug|Any CPU.Build.0 = Debug|Any CPU
		{B779863D-E541-495A-BC4B-3EF719FFD468}.Release|Any CPU.ActiveCfg = Release|Any CPU
		{B779863D-E541-495A-BC4B-3EF719FFD468}.Release|Any CPU.Build.0 = Release|Any CPU
	EndGlobalSection
EndGlobal
